
Microsoft Visual Studio Solution File, Format Version 12.00
# Visual Studio Version 17
VisualStudioVersion = 17.2.32616.157
MinimumVisualStudioVersion = 10.0.40219.1
Project("{FAE04EC0-301F-11D3-BF4B-00C04F79EFBC}") = "csharp-biblioteca-db", "csharp-biblioteca-db.csproj", "{07F19977-10B5-46A4-8ABA-1BB35255A0BF}"
EndProject
Global
	GlobalSection(SolutionConfigurationPlatforms) = preSolution
		Debug|Any CPU = Debug|Any CPU
		Release|Any CPU = Release|Any CPU
	EndGlobalSection
	GlobalSection(ProjectConfigurationPlatforms) = postSolution
		{07F19977-10B5-46A4-8ABA-1BB35255A0BF}.Debug|Any CPU.ActiveCfg = Debug|Any CPU
		{07F19977-10B5-46A4-8ABA-1BB35255A0BF}.Debug|Any CPU.Build.0 = Debug|Any CPU
		{07F19977-10B5-46A4-8ABA-1BB35255A0BF}.Release|Any CPU.ActiveCfg = Release|Any CPU
		{07F19977-10B5-46A4-8ABA-1BB35255A0BF}.Release|Any CPU.Build.0 = Release|Any CPU
	EndGlobalSection
	GlobalSection(SolutionProperties) = preSolution
		HideSolutionNode = FALSE
	EndGlobalSection
	GlobalSection(ExtensibilityGlobals) = postSolution
		SolutionGuid = {1ABE9393-CA5F-462A-9BFC-760B3C995F98}
	EndGlobalSection
EndGlobal
